
Microsoft Visual Studio Solution File, Format Version 12.00
# Visual Studio Version 17
VisualStudioVersion = 17.2.32630.192
MinimumVisualStudioVersion = 10.0.40219.1
Project("{9A19103F-16F7-4668-BE54-9A1E7A4F7556}") = "BechdelDataServer", "BechdelDataServer.csproj", "{731EF051-9DDA-4EEA-9A99-CCE5B9E41A90}"
EndProject
Global
	GlobalSection(SolutionConfigurationPlatforms) = preSolution
		Debug|Any CPU = Debug|Any CPU
		Release|Any CPU = Release|Any CPU
	EndGlobalSection
	GlobalSection(ProjectConfigurationPlatforms) = postSolution
		{731EF051-9DDA-4EEA-9A99-CCE5B9E41A90}.Debug|Any CPU.ActiveCfg = Debug|Any CPU
		{731EF051-9DDA-4EEA-9A99-CCE5B9E41A90}.Debug|Any CPU.Build.0 = Debug|Any CPU
		{731EF051-9DDA-4EEA-9A99-CCE5B9E41A90}.Release|Any CPU.ActiveCfg = Release|Any CPU
		{731EF051-9DDA-4EEA-9A99-CCE5B9E41A90}.Release|Any CPU.Build.0 = Release|Any CPU
	EndGlobalSection
	GlobalSection(SolutionProperties) = preSolution
		HideSolutionNode = FALSE
	EndGlobalSection
	GlobalSection(ExtensibilityGlobals) = postSolution
		SolutionGuid = {7E082AD7-108F-401F-8210-F2E295D6BF5B}
	EndGlobalSection
EndGlobal
